
Microsoft Visual Studio Solution File, Format Version 12.00
# Visual Studio 15
VisualStudioVersion = 15.0.27428.2011
MinimumVisualStudioVersion = 10.0.40219.1
Project("{FAE04EC0-301F-11D3-BF4B-00C04F79EFBC}") = "chbpay", "chbpay\chbpay.csproj", "{5ECE1D55-0648-4184-BF27-2581814EAB7D}"
EndProject
Project("{9A19103F-16F7-4668-BE54-9A1E7A4F7556}") = "ChbpayDB", "ChbpayDB\ChbpayDB.csproj", "{C0C26A62-9D1C-4201-B5F9-E0B924606029}"
EndProject
Project("{FAE04EC0-301F-11D3-BF4B-00C04F79EFBC}") = "ChbpayTools", "ChbpayTools\ChbpayTools.csproj", "{A103F213-1C0A-4EB8-B73C-27BA0C298128}"
EndProject
Global
	GlobalSection(SolutionConfigurationPlatforms) = preSolution
		Debug|Any CPU = Debug|Any CPU
		Release|Any CPU = Release|Any CPU
	EndGlobalSection
	GlobalSection(ProjectConfigurationPlatforms) = postSolution
		{5ECE1D55-0648-4184-BF27-2581814EAB7D}.Debug|Any CPU.ActiveCfg = Debug|Any CPU
		{5ECE1D55-0648-4184-BF27-2581814EAB7D}.Debug|Any CPU.Build.0 = Debug|Any CPU
		{5ECE1D55-0648-4184-BF27-2581814EAB7D}.Release|Any CPU.ActiveCfg = Release|Any CPU
		{5ECE1D55-0648-4184-BF27-2581814EAB7D}.Release|Any CPU.Build.0 = Release|Any CPU
		{C0C26A62-9D1C-4201-B5F9-E0B924606029}.Debug|Any CPU.ActiveCfg = Debug|Any CPU
		{C0C26A62-9D1C-4201-B5F9-E0B924606029}.Debug|Any CPU.Build.0 = Debug|Any CPU
		{C0C26A62-9D1C-4201-B5F9-E0B924606029}.Release|Any CPU.ActiveCfg = Release|Any CPU
		{C0C26A62-9D1C-4201-B5F9-E0B924606029}.Release|Any CPU.Build.0 = Release|Any CPU
		{A103F213-1C0A-4EB8-B73C-27BA0C298128}.Debug|Any CPU.ActiveCfg = Debug|Any CPU
		{A103F213-1C0A-4EB8-B73C-27BA0C298128}.Debug|Any CPU.Build.0 = Debug|Any CPU
		{A103F213-1C0A-4EB8-B73C-27BA0C298128}.Release|Any CPU.ActiveCfg = Release|Any CPU
		{A103F213-1C0A-4EB8-B73C-27BA0C298128}.Release|Any CPU.Build.0 = Release|Any CPU
	EndGlobalSection
	GlobalSection(SolutionProperties) = preSolution
		HideSolutionNode = FALSE
	EndGlobalSection
	GlobalSection(ExtensibilityGlobals) = postSolution
		SolutionGuid = {9977AD6B-870C-4A8A-AF05-8E58B30DD66C}
	EndGlobalSection
EndGlobal
